
Microsoft Visual Studio Solution File, Format Version 12.00
# Visual Studio 15
VisualStudioVersion = 15.0.28307.329
MinimumVisualStudioVersion = 10.0.40219.1
Project("{FAE04EC0-301F-11D3-BF4B-00C04F79EFBC}") = "DynamicConnections", "DynamicConnections\DynamicConnections.csproj", "{DD468B19-9E57-4F3F-8CAE-F7A734089DAE}"
EndProject
Global
	GlobalSection(SolutionConfigurationPlatforms) = preSolution
		Debug|Any CPU = Debug|Any CPU
		Release|Any CPU = Release|Any CPU
	EndGlobalSection
	GlobalSection(ProjectConfigurationPlatforms) = postSolution
		{DD468B19-9E57-4F3F-8CAE-F7A734089DAE}.Debug|Any CPU.ActiveCfg = Debug|Any CPU
		{DD468B19-9E57-4F3F-8CAE-F7A734089DAE}.Debug|Any CPU.Build.0 = Debug|Any CPU
		{DD468B19-9E57-4F3F-8CAE-F7A734089DAE}.Release|Any CPU.ActiveCfg = Release|Any CPU
		{DD468B19-9E57-4F3F-8CAE-F7A734089DAE}.Release|Any CPU.Build.0 = Release|Any CPU
	EndGlobalSection
	GlobalSection(SolutionProperties) = preSolution
		HideSolutionNode = FALSE
	EndGlobalSection
	GlobalSection(ExtensibilityGlobals) = postSolution
		SolutionGuid = {ECC59F34-52DB-4069-90EB-F4F1F69B51E3}
	EndGlobalSection
EndGlobal
